<?xml version="1.0" encoding="utf-8"?>
<Project ToolsVersion="4.0" xmlns="http://schemas.microsoft.com/developer/msbuild/2003">
  <ItemGroup>
    <Filter Include="소스 파일">
      <UniqueIdentifier>{4FC737F1-C7A5-4376-A066-2A32D752A2FF}</UniqueIdentifier>
      <Extensions>cpp;c;cc;cxx;c++;cppm;ixx;def;odl;idl;hpj;bat;asm;asmx</Extensions>
    </Filter>
    <Filter Include="헤더 파일">
      <UniqueIdentifier>{93995380-89BD-4b04-88EB-625FBE52EBFB}</UniqueIdentifier>
      <Extensions>h;hh;hpp;hxx;h++;hm;inl;inc;ipp;xsd</Extensions>
    </Filter>
    <Filter Include="리소스 파일">
      <UniqueIdentifier>{67DA6AB6-F800-4c08-8B7A-83BB121AAD01}</UniqueIdentifier>
      <Extensions>rc;ico;cur;bmp;dlg;rc2;rct;bin;rgs;gif;jpg;jpeg;jpe;resx;tiff;tif;png;wav;mfcribbon-ms</Extensions>
    </Filter>
    <Filter Include="소스 파일\GameObject">
      <UniqueIdentifier>{ac69bd73-fce1-46e1-8643-596e79e9d847}</UniqueIdentifier>
    </Filter>
    <Filter Include="헤더 파일\GameObject">
      <UniqueIdentifier>{97c5ccc2-bb4e-4ff2-8f95-45030946ea1c}</UniqueIdentifier>
    </Filter>
    <Filter Include="소스 파일\Parent">
      <UniqueIdentifier>{7a68dcad-6674-42c9-b83a-4bac9b79c7da}</UniqueIdentifier>
    </Filter>
    <Filter Include="헤더 파일\Parents">
      <UniqueIdentifier>{54eba882-2d3a-40dc-a8bb-f3645701ea80}</UniqueIdentifier>
    </Filter>
    <Filter Include="헤더 파일\Common">
      <UniqueIdentifier>{732c7e0a-0778-45e1-9ede-957db24e5194}</UniqueIdentifier>
    </Filter>
  </ItemGroup>
  <ItemGroup>
    <ClInclude Include="HiyoEngine.h">
      <Filter>헤더 파일</Filter>
    </ClInclude>
    <ClInclude Include="Bullet.h">
      <Filter>헤더 파일\GameObject</Filter>
    </ClInclude>
    <ClInclude Include="Player.h">
      <Filter>헤더 파일\GameObject</Filter>
    </ClInclude>
    <ClInclude Include="Input.h">
      <Filter>헤더 파일\Parents</Filter>
    </ClInclude>
    <ClInclude Include="GameObject.h">
      <Filter>헤더 파일\Parents</Filter>
    </ClInclude>
    <ClInclude Include="Monster.h">
      <Filter>헤더 파일\GameObject</Filter>
    </ClInclude>
    <ClInclude Include="Resource.h">
      <Filter>헤더 파일\Common</Filter>
    </ClInclude>
    <ClInclude Include="targetver.h">
      <Filter>헤더 파일\Common</Filter>
    </ClInclude>
    <ClInclude Include="framework.h">
      <Filter>헤더 파일\Common</Filter>
    </ClInclude>
  </ItemGroup>
  <ItemGroup>
    <ClCompile Include="Bullet.cpp">
      <Filter>소스 파일\GameObject</Filter>
    </ClCompile>
    <ClCompile Include="Player.cpp">
      <Filter>소스 파일\GameObject</Filter>
    </ClCompile>
    <ClCompile Include="Input.cpp">
      <Filter>소스 파일\Parent</Filter>
    </ClCompile>
    <ClCompile Include="GameObject.cpp">
      <Filter>소스 파일\Parent</Filter>
    </ClCompile>
    <ClCompile Include="HiyoEngine.cpp">
      <Filter>소스 파일</Filter>
    </ClCompile>
    <ClCompile Include="Monster.cpp">
      <Filter>소스 파일\GameObject</Filter>
    </ClCompile>
  </ItemGroup>
  <ItemGroup>
    <ResourceCompile Include="HiyoEngine.rc">
      <Filter>리소스 파일</Filter>
    </ResourceCompile>
  </ItemGroup>
  <ItemGroup>
    <Image Include="small.ico">
      <Filter>리소스 파일</Filter>
    </Image>
    <Image Include="HiyoEngine.ico">
      <Filter>리소스 파일</Filter>
    </Image>
  </ItemGroup>
</Project>